
Microsoft Visual Studio Solution File, Format Version 12.00
# Visual Studio Version 16
VisualStudioVersion = 16.0.30626.31
MinimumVisualStudioVersion = 10.0.40219.1
Project("{FAE04EC0-301F-11D3-BF4B-00C04F79EFBC}") = "SameCond", "SameCond\SameCond.csproj", "{4ECB637A-EA3C-4BF8-B017-22817426DF4E}"
EndProject
Global
	GlobalSection(SolutionConfigurationPlatforms) = preSolution
		Debug|Any CPU = Debug|Any CPU
		Release|Any CPU = Release|Any CPU
	EndGlobalSection
	GlobalSection(ProjectConfigurationPlatforms) = postSolution
		{4ECB637A-EA3C-4BF8-B017-22817426DF4E}.Debug|Any CPU.ActiveCfg = Debug|Any CPU
		{4ECB637A-EA3C-4BF8-B017-22817426DF4E}.Debug|Any CPU.Build.0 = Debug|Any CPU
		{4ECB637A-EA3C-4BF8-B017-22817426DF4E}.Release|Any CPU.ActiveCfg = Release|Any CPU
		{4ECB637A-EA3C-4BF8-B017-22817426DF4E}.Release|Any CPU.Build.0 = Release|Any CPU
	EndGlobalSection
	GlobalSection(SolutionProperties) = preSolution
		HideSolutionNode = FALSE
	EndGlobalSection
	GlobalSection(ExtensibilityGlobals) = postSolution
		SolutionGuid = {1F845FEC-F4CB-4B23-96EF-27F2DD21A9D4}
	EndGlobalSection
EndGlobal
