
Microsoft Visual Studio Solution File, Format Version 12.00
# Visual Studio Version 16
VisualStudioVersion = 16.0.30516.212
MinimumVisualStudioVersion = 10.0.40219.1
Project("{FAE04EC0-301F-11D3-BF4B-00C04F79EFBC}") = "ReplaceChar", "ReplaceChar\ReplaceChar.csproj", "{500EECA6-5654-401A-BFBA-3592917ED8F2}"
EndProject
Global
	GlobalSection(SolutionConfigurationPlatforms) = preSolution
		Debug|Any CPU = Debug|Any CPU
		Release|Any CPU = Release|Any CPU
	EndGlobalSection
	GlobalSection(ProjectConfigurationPlatforms) = postSolution
		{500EECA6-5654-401A-BFBA-3592917ED8F2}.Debug|Any CPU.ActiveCfg = Debug|Any CPU
		{500EECA6-5654-401A-BFBA-3592917ED8F2}.Debug|Any CPU.Build.0 = Debug|Any CPU
		{500EECA6-5654-401A-BFBA-3592917ED8F2}.Release|Any CPU.ActiveCfg = Release|Any CPU
		{500EECA6-5654-401A-BFBA-3592917ED8F2}.Release|Any CPU.Build.0 = Release|Any CPU
	EndGlobalSection
	GlobalSection(SolutionProperties) = preSolution
		HideSolutionNode = FALSE
	EndGlobalSection
	GlobalSection(ExtensibilityGlobals) = postSolution
		SolutionGuid = {206AA733-C9A3-4DF7-BE97-6D56A0CE3E4A}
	EndGlobalSection
EndGlobal
