
Microsoft Visual Studio Solution File, Format Version 12.00
# Visual Studio Version 16
VisualStudioVersion = 16.0.30803.129
MinimumVisualStudioVersion = 10.0.40219.1
Project("{FAE04EC0-301F-11D3-BF4B-00C04F79EFBC}") = "MaxValues", "MaxValues\MaxValues.csproj", "{958FA7D6-7B16-43F0-9770-8E4DB3F29362}"
EndProject
Global
	GlobalSection(SolutionConfigurationPlatforms) = preSolution
		Debug|Any CPU = Debug|Any CPU
		Release|Any CPU = Release|Any CPU
	EndGlobalSection
	GlobalSection(ProjectConfigurationPlatforms) = postSolution
		{958FA7D6-7B16-43F0-9770-8E4DB3F29362}.Debug|Any CPU.ActiveCfg = Debug|Any CPU
		{958FA7D6-7B16-43F0-9770-8E4DB3F29362}.Debug|Any CPU.Build.0 = Debug|Any CPU
		{958FA7D6-7B16-43F0-9770-8E4DB3F29362}.Release|Any CPU.ActiveCfg = Release|Any CPU
		{958FA7D6-7B16-43F0-9770-8E4DB3F29362}.Release|Any CPU.Build.0 = Release|Any CPU
	EndGlobalSection
	GlobalSection(SolutionProperties) = preSolution
		HideSolutionNode = FALSE
	EndGlobalSection
	GlobalSection(ExtensibilityGlobals) = postSolution
		SolutionGuid = {6625E035-3429-418E-92C5-D5D1863D007C}
	EndGlobalSection
EndGlobal
