
Microsoft Visual Studio Solution File, Format Version 12.00
# Visual Studio Version 16
VisualStudioVersion = 16.0.30420.98
MinimumVisualStudioVersion = 10.0.40219.1
Project("{FAE04EC0-301F-11D3-BF4B-00C04F79EFBC}") = "StringSplitJoin", "StringSplitJoin\StringSplitJoin.csproj", "{79621BEF-F156-4062-AD38-0FF57E1F185B}"
EndProject
Global
	GlobalSection(SolutionConfigurationPlatforms) = preSolution
		Debug|Any CPU = Debug|Any CPU
		Release|Any CPU = Release|Any CPU
	EndGlobalSection
	GlobalSection(ProjectConfigurationPlatforms) = postSolution
		{79621BEF-F156-4062-AD38-0FF57E1F185B}.Debug|Any CPU.ActiveCfg = Debug|Any CPU
		{79621BEF-F156-4062-AD38-0FF57E1F185B}.Debug|Any CPU.Build.0 = Debug|Any CPU
		{79621BEF-F156-4062-AD38-0FF57E1F185B}.Release|Any CPU.ActiveCfg = Release|Any CPU
		{79621BEF-F156-4062-AD38-0FF57E1F185B}.Release|Any CPU.Build.0 = Release|Any CPU
	EndGlobalSection
	GlobalSection(SolutionProperties) = preSolution
		HideSolutionNode = FALSE
	EndGlobalSection
	GlobalSection(ExtensibilityGlobals) = postSolution
		SolutionGuid = {CC26C7A5-A56E-4DA8-966B-53D75678E5AA}
	EndGlobalSection
EndGlobal
