
Microsoft Visual Studio Solution File, Format Version 12.00
# Visual Studio Version 16
VisualStudioVersion = 16.0.30428.66
MinimumVisualStudioVersion = 10.0.40219.1
Project("{FAE04EC0-301F-11D3-BF4B-00C04F79EFBC}") = "for", "for\for.csproj", "{7B67FD22-EBCF-4766-A9F5-9F652A89BFA9}"
EndProject
Global
	GlobalSection(SolutionConfigurationPlatforms) = preSolution
		Debug|Any CPU = Debug|Any CPU
		Release|Any CPU = Release|Any CPU
	EndGlobalSection
	GlobalSection(ProjectConfigurationPlatforms) = postSolution
		{7B67FD22-EBCF-4766-A9F5-9F652A89BFA9}.Debug|Any CPU.ActiveCfg = Debug|Any CPU
		{7B67FD22-EBCF-4766-A9F5-9F652A89BFA9}.Debug|Any CPU.Build.0 = Debug|Any CPU
		{7B67FD22-EBCF-4766-A9F5-9F652A89BFA9}.Release|Any CPU.ActiveCfg = Release|Any CPU
		{7B67FD22-EBCF-4766-A9F5-9F652A89BFA9}.Release|Any CPU.Build.0 = Release|Any CPU
	EndGlobalSection
	GlobalSection(SolutionProperties) = preSolution
		HideSolutionNode = FALSE
	EndGlobalSection
	GlobalSection(ExtensibilityGlobals) = postSolution
		SolutionGuid = {E7D809CA-6AC1-49A1-AAC0-1C414986FC9B}
	EndGlobalSection
EndGlobal
