
Microsoft Visual Studio Solution File, Format Version 12.00
# Visual Studio Version 16
VisualStudioVersion = 16.0.30524.135
MinimumVisualStudioVersion = 10.0.40219.1
Project("{FAE04EC0-301F-11D3-BF4B-00C04F79EFBC}") = "Reverse", "Reverse\Reverse.csproj", "{37B70241-65B4-4D4B-AA60-4E2AB785DE71}"
EndProject
Global
	GlobalSection(SolutionConfigurationPlatforms) = preSolution
		Debug|Any CPU = Debug|Any CPU
		Release|Any CPU = Release|Any CPU
	EndGlobalSection
	GlobalSection(ProjectConfigurationPlatforms) = postSolution
		{37B70241-65B4-4D4B-AA60-4E2AB785DE71}.Debug|Any CPU.ActiveCfg = Debug|Any CPU
		{37B70241-65B4-4D4B-AA60-4E2AB785DE71}.Debug|Any CPU.Build.0 = Debug|Any CPU
		{37B70241-65B4-4D4B-AA60-4E2AB785DE71}.Release|Any CPU.ActiveCfg = Release|Any CPU
		{37B70241-65B4-4D4B-AA60-4E2AB785DE71}.Release|Any CPU.Build.0 = Release|Any CPU
	EndGlobalSection
	GlobalSection(SolutionProperties) = preSolution
		HideSolutionNode = FALSE
	EndGlobalSection
	GlobalSection(ExtensibilityGlobals) = postSolution
		SolutionGuid = {867B5CEB-7E69-4513-A3CD-073B8DAC9EE2}
	EndGlobalSection
EndGlobal
