
Microsoft Visual Studio Solution File, Format Version 12.00
# Visual Studio Version 16
VisualStudioVersion = 16.0.30428.66
MinimumVisualStudioVersion = 10.0.40219.1
Project("{FAE04EC0-301F-11D3-BF4B-00C04F79EFBC}") = "Negative", "Negative\Negative.csproj", "{5D9FAB2C-6B0E-46ED-8759-2E0AE4AE00B8}"
EndProject
Global
	GlobalSection(SolutionConfigurationPlatforms) = preSolution
		Debug|Any CPU = Debug|Any CPU
		Release|Any CPU = Release|Any CPU
	EndGlobalSection
	GlobalSection(ProjectConfigurationPlatforms) = postSolution
		{5D9FAB2C-6B0E-46ED-8759-2E0AE4AE00B8}.Debug|Any CPU.ActiveCfg = Debug|Any CPU
		{5D9FAB2C-6B0E-46ED-8759-2E0AE4AE00B8}.Debug|Any CPU.Build.0 = Debug|Any CPU
		{5D9FAB2C-6B0E-46ED-8759-2E0AE4AE00B8}.Release|Any CPU.ActiveCfg = Release|Any CPU
		{5D9FAB2C-6B0E-46ED-8759-2E0AE4AE00B8}.Release|Any CPU.Build.0 = Release|Any CPU
	EndGlobalSection
	GlobalSection(SolutionProperties) = preSolution
		HideSolutionNode = FALSE
	EndGlobalSection
	GlobalSection(ExtensibilityGlobals) = postSolution
		SolutionGuid = {680DAA26-1112-4EC8-B18E-28CBF6012CF3}
	EndGlobalSection
EndGlobal
