
Microsoft Visual Studio Solution File, Format Version 12.00
# Visual Studio Version 16
VisualStudioVersion = 16.0.30516.212
MinimumVisualStudioVersion = 10.0.40219.1
Project("{FAE04EC0-301F-11D3-BF4B-00C04F79EFBC}") = "FirstLast", "FirstLast\FirstLast.csproj", "{B40DF3C1-CF1E-4850-92E0-9018A2D28D0D}"
EndProject
Global
	GlobalSection(SolutionConfigurationPlatforms) = preSolution
		Debug|Any CPU = Debug|Any CPU
		Release|Any CPU = Release|Any CPU
	EndGlobalSection
	GlobalSection(ProjectConfigurationPlatforms) = postSolution
		{B40DF3C1-CF1E-4850-92E0-9018A2D28D0D}.Debug|Any CPU.ActiveCfg = Debug|Any CPU
		{B40DF3C1-CF1E-4850-92E0-9018A2D28D0D}.Debug|Any CPU.Build.0 = Debug|Any CPU
		{B40DF3C1-CF1E-4850-92E0-9018A2D28D0D}.Release|Any CPU.ActiveCfg = Release|Any CPU
		{B40DF3C1-CF1E-4850-92E0-9018A2D28D0D}.Release|Any CPU.Build.0 = Release|Any CPU
	EndGlobalSection
	GlobalSection(SolutionProperties) = preSolution
		HideSolutionNode = FALSE
	EndGlobalSection
	GlobalSection(ExtensibilityGlobals) = postSolution
		SolutionGuid = {B012B118-94D2-4411-88DF-F10CEE0BD164}
	EndGlobalSection
EndGlobal
