
Microsoft Visual Studio Solution File, Format Version 12.00
# Visual Studio Version 16
VisualStudioVersion = 16.0.30608.117
MinimumVisualStudioVersion = 10.0.40219.1
Project("{FAE04EC0-301F-11D3-BF4B-00C04F79EFBC}") = "StringBytes", "StringBytes\StringBytes.csproj", "{317FF827-67D6-4DCD-A61D-1A03D70271D3}"
EndProject
Global
	GlobalSection(SolutionConfigurationPlatforms) = preSolution
		Debug|Any CPU = Debug|Any CPU
		Release|Any CPU = Release|Any CPU
	EndGlobalSection
	GlobalSection(ProjectConfigurationPlatforms) = postSolution
		{317FF827-67D6-4DCD-A61D-1A03D70271D3}.Debug|Any CPU.ActiveCfg = Debug|Any CPU
		{317FF827-67D6-4DCD-A61D-1A03D70271D3}.Debug|Any CPU.Build.0 = Debug|Any CPU
		{317FF827-67D6-4DCD-A61D-1A03D70271D3}.Release|Any CPU.ActiveCfg = Release|Any CPU
		{317FF827-67D6-4DCD-A61D-1A03D70271D3}.Release|Any CPU.Build.0 = Release|Any CPU
	EndGlobalSection
	GlobalSection(SolutionProperties) = preSolution
		HideSolutionNode = FALSE
	EndGlobalSection
	GlobalSection(ExtensibilityGlobals) = postSolution
		SolutionGuid = {A9418694-23EA-46BF-A87B-0C68EDC3D8F8}
	EndGlobalSection
EndGlobal
