
Microsoft Visual Studio Solution File, Format Version 12.00
# Visual Studio Version 16
VisualStudioVersion = 16.0.30626.31
MinimumVisualStudioVersion = 10.0.40219.1
Project("{FAE04EC0-301F-11D3-BF4B-00C04F79EFBC}") = "OnOff", "OnOff\OnOff.csproj", "{6AF9A49D-E555-4A3C-BDA1-6B4522F1D3B3}"
EndProject
Global
	GlobalSection(SolutionConfigurationPlatforms) = preSolution
		Debug|Any CPU = Debug|Any CPU
		Release|Any CPU = Release|Any CPU
	EndGlobalSection
	GlobalSection(ProjectConfigurationPlatforms) = postSolution
		{6AF9A49D-E555-4A3C-BDA1-6B4522F1D3B3}.Debug|Any CPU.ActiveCfg = Debug|Any CPU
		{6AF9A49D-E555-4A3C-BDA1-6B4522F1D3B3}.Debug|Any CPU.Build.0 = Debug|Any CPU
		{6AF9A49D-E555-4A3C-BDA1-6B4522F1D3B3}.Release|Any CPU.ActiveCfg = Release|Any CPU
		{6AF9A49D-E555-4A3C-BDA1-6B4522F1D3B3}.Release|Any CPU.Build.0 = Release|Any CPU
	EndGlobalSection
	GlobalSection(SolutionProperties) = preSolution
		HideSolutionNode = FALSE
	EndGlobalSection
	GlobalSection(ExtensibilityGlobals) = postSolution
		SolutionGuid = {2819BC84-DC7C-45BD-A8A8-C8FAC1887266}
	EndGlobalSection
EndGlobal
