
Microsoft Visual Studio Solution File, Format Version 12.00
# Visual Studio Version 16
VisualStudioVersion = 16.0.30509.190
MinimumVisualStudioVersion = 10.0.40219.1
Project("{FAE04EC0-301F-11D3-BF4B-00C04F79EFBC}") = "path2", "path2\path2.csproj", "{C1A961F9-3EDC-4705-8277-5B54E280FF52}"
EndProject
Global
	GlobalSection(SolutionConfigurationPlatforms) = preSolution
		Debug|Any CPU = Debug|Any CPU
		Release|Any CPU = Release|Any CPU
	EndGlobalSection
	GlobalSection(ProjectConfigurationPlatforms) = postSolution
		{C1A961F9-3EDC-4705-8277-5B54E280FF52}.Debug|Any CPU.ActiveCfg = Debug|Any CPU
		{C1A961F9-3EDC-4705-8277-5B54E280FF52}.Debug|Any CPU.Build.0 = Debug|Any CPU
		{C1A961F9-3EDC-4705-8277-5B54E280FF52}.Release|Any CPU.ActiveCfg = Release|Any CPU
		{C1A961F9-3EDC-4705-8277-5B54E280FF52}.Release|Any CPU.Build.0 = Release|Any CPU
	EndGlobalSection
	GlobalSection(SolutionProperties) = preSolution
		HideSolutionNode = FALSE
	EndGlobalSection
	GlobalSection(ExtensibilityGlobals) = postSolution
		SolutionGuid = {D245AE65-48C3-4A32-8DCB-32DFE9A5673F}
	EndGlobalSection
EndGlobal
