
Microsoft Visual Studio Solution File, Format Version 12.00
# Visual Studio Version 16
VisualStudioVersion = 16.0.30709.64
MinimumVisualStudioVersion = 10.0.40219.1
Project("{FAE04EC0-301F-11D3-BF4B-00C04F79EFBC}") = "record", "record\record.csproj", "{6C119DF0-8CE8-4193-A218-586C86D72BD1}"
EndProject
Global
	GlobalSection(SolutionConfigurationPlatforms) = preSolution
		Debug|Any CPU = Debug|Any CPU
		Release|Any CPU = Release|Any CPU
	EndGlobalSection
	GlobalSection(ProjectConfigurationPlatforms) = postSolution
		{6C119DF0-8CE8-4193-A218-586C86D72BD1}.Debug|Any CPU.ActiveCfg = Debug|Any CPU
		{6C119DF0-8CE8-4193-A218-586C86D72BD1}.Debug|Any CPU.Build.0 = Debug|Any CPU
		{6C119DF0-8CE8-4193-A218-586C86D72BD1}.Release|Any CPU.ActiveCfg = Release|Any CPU
		{6C119DF0-8CE8-4193-A218-586C86D72BD1}.Release|Any CPU.Build.0 = Release|Any CPU
	EndGlobalSection
	GlobalSection(SolutionProperties) = preSolution
		HideSolutionNode = FALSE
	EndGlobalSection
	GlobalSection(ExtensibilityGlobals) = postSolution
		SolutionGuid = {3A78632F-72A5-4209-A3DA-0C9BA99D54E8}
	EndGlobalSection
EndGlobal
