
Microsoft Visual Studio Solution File, Format Version 12.00
# Visual Studio Version 16
VisualStudioVersion = 16.0.30803.129
MinimumVisualStudioVersion = 10.0.40219.1
Project("{FAE04EC0-301F-11D3-BF4B-00C04F79EFBC}") = "OutOfMemory", "OutOfMemory\OutOfMemory.csproj", "{52B25CC5-C083-457C-86B7-484302C30C3A}"
EndProject
Global
	GlobalSection(SolutionConfigurationPlatforms) = preSolution
		Debug|Any CPU = Debug|Any CPU
		Release|Any CPU = Release|Any CPU
	EndGlobalSection
	GlobalSection(ProjectConfigurationPlatforms) = postSolution
		{52B25CC5-C083-457C-86B7-484302C30C3A}.Debug|Any CPU.ActiveCfg = Debug|Any CPU
		{52B25CC5-C083-457C-86B7-484302C30C3A}.Debug|Any CPU.Build.0 = Debug|Any CPU
		{52B25CC5-C083-457C-86B7-484302C30C3A}.Release|Any CPU.ActiveCfg = Release|Any CPU
		{52B25CC5-C083-457C-86B7-484302C30C3A}.Release|Any CPU.Build.0 = Release|Any CPU
	EndGlobalSection
	GlobalSection(SolutionProperties) = preSolution
		HideSolutionNode = FALSE
	EndGlobalSection
	GlobalSection(ExtensibilityGlobals) = postSolution
		SolutionGuid = {A2F9E2FB-9C2E-43B1-ADCB-39F0B837CBEF}
	EndGlobalSection
EndGlobal
