
Microsoft Visual Studio Solution File, Format Version 12.00
# Visual Studio Version 16
VisualStudioVersion = 16.0.30524.135
MinimumVisualStudioVersion = 10.0.40219.1
Project("{FAE04EC0-301F-11D3-BF4B-00C04F79EFBC}") = "PI", "PI\PI.csproj", "{D6CFF5A9-5334-4103-AA51-63D4693C6AAB}"
EndProject
Global
	GlobalSection(SolutionConfigurationPlatforms) = preSolution
		Debug|Any CPU = Debug|Any CPU
		Release|Any CPU = Release|Any CPU
	EndGlobalSection
	GlobalSection(ProjectConfigurationPlatforms) = postSolution
		{D6CFF5A9-5334-4103-AA51-63D4693C6AAB}.Debug|Any CPU.ActiveCfg = Debug|Any CPU
		{D6CFF5A9-5334-4103-AA51-63D4693C6AAB}.Debug|Any CPU.Build.0 = Debug|Any CPU
		{D6CFF5A9-5334-4103-AA51-63D4693C6AAB}.Release|Any CPU.ActiveCfg = Release|Any CPU
		{D6CFF5A9-5334-4103-AA51-63D4693C6AAB}.Release|Any CPU.Build.0 = Release|Any CPU
	EndGlobalSection
	GlobalSection(SolutionProperties) = preSolution
		HideSolutionNode = FALSE
	EndGlobalSection
	GlobalSection(ExtensibilityGlobals) = postSolution
		SolutionGuid = {CB0E6697-8636-4D62-9315-A25805E4F73D}
	EndGlobalSection
EndGlobal
