
Microsoft Visual Studio Solution File, Format Version 12.00
# Visual Studio Version 16
VisualStudioVersion = 16.0.30428.66
MinimumVisualStudioVersion = 10.0.40219.1
Project("{FAE04EC0-301F-11D3-BF4B-00C04F79EFBC}") = "StringEnd", "StringEnd\StringEnd.csproj", "{4687F283-A32C-4752-B65E-8526C3615014}"
EndProject
Global
	GlobalSection(SolutionConfigurationPlatforms) = preSolution
		Debug|Any CPU = Debug|Any CPU
		Release|Any CPU = Release|Any CPU
	EndGlobalSection
	GlobalSection(ProjectConfigurationPlatforms) = postSolution
		{4687F283-A32C-4752-B65E-8526C3615014}.Debug|Any CPU.ActiveCfg = Debug|Any CPU
		{4687F283-A32C-4752-B65E-8526C3615014}.Debug|Any CPU.Build.0 = Debug|Any CPU
		{4687F283-A32C-4752-B65E-8526C3615014}.Release|Any CPU.ActiveCfg = Release|Any CPU
		{4687F283-A32C-4752-B65E-8526C3615014}.Release|Any CPU.Build.0 = Release|Any CPU
	EndGlobalSection
	GlobalSection(SolutionProperties) = preSolution
		HideSolutionNode = FALSE
	EndGlobalSection
	GlobalSection(ExtensibilityGlobals) = postSolution
		SolutionGuid = {F782A225-98F8-4027-BB91-8812C7EC9E2E}
	EndGlobalSection
EndGlobal
