
Microsoft Visual Studio Solution File, Format Version 12.00
# Visual Studio Version 16
VisualStudioVersion = 16.0.30516.212
MinimumVisualStudioVersion = 10.0.40219.1
Project("{FAE04EC0-301F-11D3-BF4B-00C04F79EFBC}") = "MyExeFileName", "MyExeFileName\MyExeFileName.csproj", "{9134E90C-6505-45C7-B1C5-3CC97E80BDF5}"
EndProject
Global
	GlobalSection(SolutionConfigurationPlatforms) = preSolution
		Debug|Any CPU = Debug|Any CPU
		Release|Any CPU = Release|Any CPU
	EndGlobalSection
	GlobalSection(ProjectConfigurationPlatforms) = postSolution
		{9134E90C-6505-45C7-B1C5-3CC97E80BDF5}.Debug|Any CPU.ActiveCfg = Debug|Any CPU
		{9134E90C-6505-45C7-B1C5-3CC97E80BDF5}.Debug|Any CPU.Build.0 = Debug|Any CPU
		{9134E90C-6505-45C7-B1C5-3CC97E80BDF5}.Release|Any CPU.ActiveCfg = Release|Any CPU
		{9134E90C-6505-45C7-B1C5-3CC97E80BDF5}.Release|Any CPU.Build.0 = Release|Any CPU
	EndGlobalSection
	GlobalSection(SolutionProperties) = preSolution
		HideSolutionNode = FALSE
	EndGlobalSection
	GlobalSection(ExtensibilityGlobals) = postSolution
		SolutionGuid = {1B682AB6-B557-40B1-AAC8-812E15DDE7DF}
	EndGlobalSection
EndGlobal
