
Microsoft Visual Studio Solution File, Format Version 12.00
# Visual Studio Version 16
VisualStudioVersion = 16.0.30524.135
MinimumVisualStudioVersion = 10.0.40219.1
Project("{FAE04EC0-301F-11D3-BF4B-00C04F79EFBC}") = "AtoZ", "AtoZ\AtoZ.csproj", "{4B5BA8F5-4663-441F-8B50-A5F17E7CD325}"
EndProject
Global
	GlobalSection(SolutionConfigurationPlatforms) = preSolution
		Debug|Any CPU = Debug|Any CPU
		Release|Any CPU = Release|Any CPU
	EndGlobalSection
	GlobalSection(ProjectConfigurationPlatforms) = postSolution
		{4B5BA8F5-4663-441F-8B50-A5F17E7CD325}.Debug|Any CPU.ActiveCfg = Debug|Any CPU
		{4B5BA8F5-4663-441F-8B50-A5F17E7CD325}.Debug|Any CPU.Build.0 = Debug|Any CPU
		{4B5BA8F5-4663-441F-8B50-A5F17E7CD325}.Release|Any CPU.ActiveCfg = Release|Any CPU
		{4B5BA8F5-4663-441F-8B50-A5F17E7CD325}.Release|Any CPU.Build.0 = Release|Any CPU
	EndGlobalSection
	GlobalSection(SolutionProperties) = preSolution
		HideSolutionNode = FALSE
	EndGlobalSection
	GlobalSection(ExtensibilityGlobals) = postSolution
		SolutionGuid = {B0F1EDE4-0845-412C-987C-4AEBF56DA690}
	EndGlobalSection
EndGlobal
